
Microsoft Visual Studio Solution File, Format Version 11.00
# Visual C++ Express 2010
Project("{8BC9CEB8-8B4A-11D0-8D11-00A0C91BC942}") = "libgetfem", "libgetfem\libgetfem.vcxproj", "{6EEE3C43-27B3-4B9B-A9DF-B5D7F4278D47}"
EndProject
Project("{8BC9CEB8-8B4A-11D0-8D11-00A0C91BC942}") = "superlu", "superlu\superlu.vcxproj", "{7413AF7B-D30C-4BC4-9FD6-952E18C11497}"
EndProject
Project("{8BC9CEB8-8B4A-11D0-8D11-00A0C91BC942}") = "test_kdtree", "test_kdtree\test_kdtree.vcxproj", "{BFF07941-BB62-404C-8D79-CF68ACD29C94}"
EndProject
Project("{8BC9CEB8-8B4A-11D0-8D11-00A0C91BC942}") = "test_assembly", "test_assembly\test_assembly.vcxproj", "{70293D63-048B-4654-839F-F7F37D22266E}"
EndProject
Project("{8BC9CEB8-8B4A-11D0-8D11-00A0C91BC942}") = "bilaplacian", "bilaplacian\bilaplacian.vcxproj", "{6CFAAB4C-BE69-4504-B813-D28A2BFA8599}"
EndProject
Project("{8BC9CEB8-8B4A-11D0-8D11-00A0C91BC942}") = "poly", "poly\poly.vcxproj", "{C2024085-20BE-48DE-B8E2-6AB3A3981E94}"
EndProject
Project("{8BC9CEB8-8B4A-11D0-8D11-00A0C91BC942}") = "elastostatic", "elastostatic\elastostatic.vcxproj", "{8119EF46-FA9B-4AAC-B207-99EBA7FBB12E}"
EndProject
Project("{8BC9CEB8-8B4A-11D0-8D11-00A0C91BC942}") = "libgetfemint", "libgetfemint\libgetfemint.vcxproj", "{CB4F1E6A-9576-4B94-AF1B-83E7794BBC18}"
EndProject
Project("{8BC9CEB8-8B4A-11D0-8D11-00A0C91BC942}") = "matlab_interface", "matlab_interface\matlab_interface.vcxproj", "{23AAA66B-5F52-444F-B813-83968048AAC6}"
EndProject
Global
	GlobalSection(SolutionConfigurationPlatforms) = preSolution
		Debug|Win32 = Debug|Win32
		Release|Win32 = Release|Win32
	EndGlobalSection
	GlobalSection(ProjectConfigurationPlatforms) = postSolution
		{6EEE3C43-27B3-4B9B-A9DF-B5D7F4278D47}.Debug|Win32.ActiveCfg = Debug|Win32
		{6EEE3C43-27B3-4B9B-A9DF-B5D7F4278D47}.Debug|Win32.Build.0 = Debug|Win32
		{6EEE3C43-27B3-4B9B-A9DF-B5D7F4278D47}.Release|Win32.ActiveCfg = Release|Win32
		{6EEE3C43-27B3-4B9B-A9DF-B5D7F4278D47}.Release|Win32.Build.0 = Release|Win32
		{7413AF7B-D30C-4BC4-9FD6-952E18C11497}.Debug|Win32.ActiveCfg = Debug|Win32
		{7413AF7B-D30C-4BC4-9FD6-952E18C11497}.Debug|Win32.Build.0 = Debug|Win32
		{7413AF7B-D30C-4BC4-9FD6-952E18C11497}.Release|Win32.ActiveCfg = Release|Win32
		{7413AF7B-D30C-4BC4-9FD6-952E18C11497}.Release|Win32.Build.0 = Release|Win32
		{BFF07941-BB62-404C-8D79-CF68ACD29C94}.Debug|Win32.ActiveCfg = Debug|Win32
		{BFF07941-BB62-404C-8D79-CF68ACD29C94}.Debug|Win32.Build.0 = Debug|Win32
		{BFF07941-BB62-404C-8D79-CF68ACD29C94}.Release|Win32.ActiveCfg = Release|Win32
		{BFF07941-BB62-404C-8D79-CF68ACD29C94}.Release|Win32.Build.0 = Release|Win32
		{70293D63-048B-4654-839F-F7F37D22266E}.Debug|Win32.ActiveCfg = Debug|Win32
		{70293D63-048B-4654-839F-F7F37D22266E}.Debug|Win32.Build.0 = Debug|Win32
		{70293D63-048B-4654-839F-F7F37D22266E}.Release|Win32.ActiveCfg = Release|Win32
		{70293D63-048B-4654-839F-F7F37D22266E}.Release|Win32.Build.0 = Release|Win32
		{6CFAAB4C-BE69-4504-B813-D28A2BFA8599}.Debug|Win32.ActiveCfg = Debug|Win32
		{6CFAAB4C-BE69-4504-B813-D28A2BFA8599}.Debug|Win32.Build.0 = Debug|Win32
		{6CFAAB4C-BE69-4504-B813-D28A2BFA8599}.Release|Win32.ActiveCfg = Release|Win32
		{6CFAAB4C-BE69-4504-B813-D28A2BFA8599}.Release|Win32.Build.0 = Release|Win32
		{C2024085-20BE-48DE-B8E2-6AB3A3981E94}.Debug|Win32.ActiveCfg = Debug|Win32
		{C2024085-20BE-48DE-B8E2-6AB3A3981E94}.Debug|Win32.Build.0 = Debug|Win32
		{C2024085-20BE-48DE-B8E2-6AB3A3981E94}.Release|Win32.ActiveCfg = Release|Win32
		{C2024085-20BE-48DE-B8E2-6AB3A3981E94}.Release|Win32.Build.0 = Release|Win32
		{8119EF46-FA9B-4AAC-B207-99EBA7FBB12E}.Debug|Win32.ActiveCfg = Debug|Win32
		{8119EF46-FA9B-4AAC-B207-99EBA7FBB12E}.Debug|Win32.Build.0 = Debug|Win32
		{8119EF46-FA9B-4AAC-B207-99EBA7FBB12E}.Release|Win32.ActiveCfg = Release|Win32
		{8119EF46-FA9B-4AAC-B207-99EBA7FBB12E}.Release|Win32.Build.0 = Release|Win32
		{CB4F1E6A-9576-4B94-AF1B-83E7794BBC18}.Debug|Win32.ActiveCfg = Debug|Win32
		{CB4F1E6A-9576-4B94-AF1B-83E7794BBC18}.Debug|Win32.Build.0 = Debug|Win32
		{CB4F1E6A-9576-4B94-AF1B-83E7794BBC18}.Release|Win32.ActiveCfg = Release|Win32
		{CB4F1E6A-9576-4B94-AF1B-83E7794BBC18}.Release|Win32.Build.0 = Release|Win32
		{23AAA66B-5F52-444F-B813-83968048AAC6}.Debug|Win32.ActiveCfg = Debug|Win32
		{23AAA66B-5F52-444F-B813-83968048AAC6}.Debug|Win32.Build.0 = Debug|Win32
		{23AAA66B-5F52-444F-B813-83968048AAC6}.Release|Win32.ActiveCfg = Release|Win32
		{23AAA66B-5F52-444F-B813-83968048AAC6}.Release|Win32.Build.0 = Release|Win32
	EndGlobalSection
	GlobalSection(SolutionProperties) = preSolution
		HideSolutionNode = FALSE
	EndGlobalSection
EndGlobal
